
Microsoft Visual Studio Solution File, Format Version 12.00
# Visual Studio Version 17
VisualStudioVersion = 17.0.31903.59
MinimumVisualStudioVersion = 10.0.40219.1
Project("{2150E333-8FDC-42A3-9474-1A3956D46DE8}") = "src", "src", "{67BB886E-0DC0-4E47-8F34-6078F80F4A5C}"
EndProject
Project("{FAE04EC0-301F-11D3-BF4B-00C04F79EFBC}") = "SmartFhirApp.Core", "src\SmartFhirApp.Core\SmartFhirApp.Core.csproj", "{D3EB4A90-8CBF-48AC-8110-C5A46D3B3944}"
EndProject
Project("{FAE04EC0-301F-11D3-BF4B-00C04F79EFBC}") = "SmartFhirApp.Shared", "src\SmartFhirApp.Shared\SmartFhirApp.Shared.csproj", "{D1F03E0E-F71B-4708-A1DF-F3920D35D418}"
EndProject
Project("{FAE04EC0-301F-11D3-BF4B-00C04F79EFBC}") = "SmartFhirApp.Web", "src\SmartFhirApp.Web\SmartFhirApp.Web.csproj", "{B43B365F-8532-4A50-8CC1-53FEE745243E}"
EndProject
Project("{FAE04EC0-301F-11D3-BF4B-00C04F79EFBC}") = "SmartFhirApp.Maui", "src\SmartFhirApp.Maui\SmartFhirApp.Maui.csproj", "{8ABCBB92-03C6-4629-B871-FF5BFDB18307}"
EndProject
Global
	GlobalSection(SolutionConfigurationPlatforms) = preSolution
		Debug|Any CPU = Debug|Any CPU
		Release|Any CPU = Release|Any CPU
	EndGlobalSection
	GlobalSection(SolutionProperties) = preSolution
		HideSolutionNode = FALSE
	EndGlobalSection
	GlobalSection(ProjectConfigurationPlatforms) = postSolution
		{D3EB4A90-8CBF-48AC-8110-C5A46D3B3944}.Debug|Any CPU.ActiveCfg = Debug|Any CPU
		{D3EB4A90-8CBF-48AC-8110-C5A46D3B3944}.Debug|Any CPU.Build.0 = Debug|Any CPU
		{D3EB4A90-8CBF-48AC-8110-C5A46D3B3944}.Release|Any CPU.ActiveCfg = Release|Any CPU
		{D3EB4A90-8CBF-48AC-8110-C5A46D3B3944}.Release|Any CPU.Build.0 = Release|Any CPU
		{D1F03E0E-F71B-4708-A1DF-F3920D35D418}.Debug|Any CPU.ActiveCfg = Debug|Any CPU
		{D1F03E0E-F71B-4708-A1DF-F3920D35D418}.Debug|Any CPU.Build.0 = Debug|Any CPU
		{D1F03E0E-F71B-4708-A1DF-F3920D35D418}.Release|Any CPU.ActiveCfg = Release|Any CPU
		{D1F03E0E-F71B-4708-A1DF-F3920D35D418}.Release|Any CPU.Build.0 = Release|Any CPU
		{B43B365F-8532-4A50-8CC1-53FEE745243E}.Debug|Any CPU.ActiveCfg = Debug|Any CPU
		{B43B365F-8532-4A50-8CC1-53FEE745243E}.Debug|Any CPU.Build.0 = Debug|Any CPU
		{B43B365F-8532-4A50-8CC1-53FEE745243E}.Release|Any CPU.ActiveCfg = Release|Any CPU
		{B43B365F-8532-4A50-8CC1-53FEE745243E}.Release|Any CPU.Build.0 = Release|Any CPU
		{8ABCBB92-03C6-4629-B871-FF5BFDB18307}.Debug|Any CPU.ActiveCfg = Debug|Any CPU
		{8ABCBB92-03C6-4629-B871-FF5BFDB18307}.Debug|Any CPU.Build.0 = Debug|Any CPU
		{8ABCBB92-03C6-4629-B871-FF5BFDB18307}.Release|Any CPU.ActiveCfg = Release|Any CPU
		{8ABCBB92-03C6-4629-B871-FF5BFDB18307}.Release|Any CPU.Build.0 = Release|Any CPU
	EndGlobalSection
	GlobalSection(NestedProjects) = preSolution
		{D3EB4A90-8CBF-48AC-8110-C5A46D3B3944} = {67BB886E-0DC0-4E47-8F34-6078F80F4A5C}
		{D1F03E0E-F71B-4708-A1DF-F3920D35D418} = {67BB886E-0DC0-4E47-8F34-6078F80F4A5C}
		{B43B365F-8532-4A50-8CC1-53FEE745243E} = {67BB886E-0DC0-4E47-8F34-6078F80F4A5C}
		{8ABCBB92-03C6-4629-B871-FF5BFDB18307} = {67BB886E-0DC0-4E47-8F34-6078F80F4A5C}
	EndGlobalSection
EndGlobal
